
Microsoft Visual Studio Solution File, Format Version 12.00
# Visual Studio Version 16
VisualStudioVersion = 16.0.30804.86
MinimumVisualStudioVersion = 10.0.40219.1
Project("{FAE04EC0-301F-11D3-BF4B-00C04F79EFBC}") = "Odev_1", "Odev_1.csproj", "{91C01AF0-226A-45D0-AB92-E36752E73AF1}"
EndProject
Global
	GlobalSection(SolutionConfigurationPlatforms) = preSolution
		Debug|Any CPU = Debug|Any CPU
		Release|Any CPU = Release|Any CPU
	EndGlobalSection
	GlobalSection(ProjectConfigurationPlatforms) = postSolution
		{91C01AF0-226A-45D0-AB92-E36752E73AF1}.Debug|Any CPU.ActiveCfg = Debug|Any CPU
		{91C01AF0-226A-45D0-AB92-E36752E73AF1}.Debug|Any CPU.Build.0 = Debug|Any CPU
		{91C01AF0-226A-45D0-AB92-E36752E73AF1}.Release|Any CPU.ActiveCfg = Release|Any CPU
		{91C01AF0-226A-45D0-AB92-E36752E73AF1}.Release|Any CPU.Build.0 = Release|Any CPU
	EndGlobalSection
	GlobalSection(SolutionProperties) = preSolution
		HideSolutionNode = FALSE
	EndGlobalSection
	GlobalSection(ExtensibilityGlobals) = postSolution
		SolutionGuid = {C713B091-065A-4046-853D-508D49942F22}
	EndGlobalSection
EndGlobal
